
Microsoft Visual Studio Solution File, Format Version 11.00
# Visual Studio 2010
Project("{FAE04EC0-301F-11D3-BF4B-00C04F79EFBC}") = "spaceshipgame", "Assembly-CSharp.csproj", "{451B47C5-474C-FB97-8F94-8FA670EE3293}"
EndProject
Project("{FAE04EC0-301F-11D3-BF4B-00C04F79EFBC}") = "spaceshipgame", "Assembly-CSharp-firstpass.csproj", "{A1BA4761-EA01-2C29-A9AC-08FB3181546C}"
EndProject
Project("{FAE04EC0-301F-11D3-BF4B-00C04F79EFBC}") = "spaceshipgame", "Assembly-CSharp-Editor-firstpass.csproj", "{4BA79F77-06D8-C713-22B2-2AF3DDF62B62}"
EndProject
Global
	GlobalSection(SolutionConfigurationPlatforms) = preSolution
		Debug|Any CPU = Debug|Any CPU
		Release|Any CPU = Release|Any CPU
	EndGlobalSection
	GlobalSection(ProjectConfigurationPlatforms) = postSolution
		{451B47C5-474C-FB97-8F94-8FA670EE3293}.Debug|Any CPU.ActiveCfg = Debug|Any CPU
		{451B47C5-474C-FB97-8F94-8FA670EE3293}.Debug|Any CPU.Build.0 = Debug|Any CPU
		{451B47C5-474C-FB97-8F94-8FA670EE3293}.Release|Any CPU.ActiveCfg = Release|Any CPU
		{451B47C5-474C-FB97-8F94-8FA670EE3293}.Release|Any CPU.Build.0 = Release|Any CPU
		{A1BA4761-EA01-2C29-A9AC-08FB3181546C}.Debug|Any CPU.ActiveCfg = Debug|Any CPU
		{A1BA4761-EA01-2C29-A9AC-08FB3181546C}.Debug|Any CPU.Build.0 = Debug|Any CPU
		{A1BA4761-EA01-2C29-A9AC-08FB3181546C}.Release|Any CPU.ActiveCfg = Release|Any CPU
		{A1BA4761-EA01-2C29-A9AC-08FB3181546C}.Release|Any CPU.Build.0 = Release|Any CPU
		{4BA79F77-06D8-C713-22B2-2AF3DDF62B62}.Debug|Any CPU.ActiveCfg = Debug|Any CPU
		{4BA79F77-06D8-C713-22B2-2AF3DDF62B62}.Debug|Any CPU.Build.0 = Debug|Any CPU
		{4BA79F77-06D8-C713-22B2-2AF3DDF62B62}.Release|Any CPU.ActiveCfg = Release|Any CPU
		{4BA79F77-06D8-C713-22B2-2AF3DDF62B62}.Release|Any CPU.Build.0 = Release|Any CPU
	EndGlobalSection
	GlobalSection(SolutionProperties) = preSolution
		HideSolutionNode = FALSE
	EndGlobalSection
	GlobalSection(MonoDevelopProperties) = preSolution
		StartupItem = Assembly-CSharp.csproj
	EndGlobalSection
EndGlobal
